
Microsoft Visual Studio Solution File, Format Version 12.00
# Visual Studio Version 17
VisualStudioVersion = 17.13.35507.96
MinimumVisualStudioVersion = 10.0.40219.1
Project("{FAE04EC0-301F-11D3-BF4B-00C04F79EFBC}") = "Collox", "Collox\Collox.csproj", "{FD9B7C9D-9833-4E1D-B9E0-A2884E3075FE}"
EndProject
Project("{2150E333-8FDC-42A3-9474-1A3956D46DE8}") = "Solution Items", "Solution Items", "{02EA681E-C7D8-13C7-8484-4AC65E1B71E8}"
	ProjectSection(SolutionItems) = preProject
		.editorconfig = .editorconfig
		.github\workflows\dotnet-release.yml = .github\workflows\dotnet-release.yml
		settings.xamlstyler = settings.xamlstyler
	EndProjectSection
EndProject
Project("{FAE04EC0-301F-11D3-BF4B-00C04F79EFBC}") = "UnitTests", "UnitTests\UnitTests.csproj", "{79EE3320-93FC-431A-9AA0-FC8E4F45D31F}"
EndProject
Global
	GlobalSection(SolutionConfigurationPlatforms) = preSolution
		Debug|ARM64 = Debug|ARM64
		Debug|x64 = Debug|x64
		Debug|x86 = Debug|x86
		Release|ARM64 = Release|ARM64
		Release|x64 = Release|x64
		Release|x86 = Release|x86
	EndGlobalSection
	GlobalSection(ProjectConfigurationPlatforms) = postSolution
		{FD9B7C9D-9833-4E1D-B9E0-A2884E3075FE}.Debug|ARM64.ActiveCfg = Debug|ARM64
		{FD9B7C9D-9833-4E1D-B9E0-A2884E3075FE}.Debug|ARM64.Build.0 = Debug|ARM64
		{FD9B7C9D-9833-4E1D-B9E0-A2884E3075FE}.Debug|ARM64.Deploy.0 = Debug|ARM64
		{FD9B7C9D-9833-4E1D-B9E0-A2884E3075FE}.Debug|x64.ActiveCfg = Debug|x64
		{FD9B7C9D-9833-4E1D-B9E0-A2884E3075FE}.Debug|x64.Build.0 = Debug|x64
		{FD9B7C9D-9833-4E1D-B9E0-A2884E3075FE}.Debug|x64.Deploy.0 = Debug|x64
		{FD9B7C9D-9833-4E1D-B9E0-A2884E3075FE}.Debug|x86.ActiveCfg = Debug|x86
		{FD9B7C9D-9833-4E1D-B9E0-A2884E3075FE}.Debug|x86.Build.0 = Debug|x86
		{FD9B7C9D-9833-4E1D-B9E0-A2884E3075FE}.Debug|x86.Deploy.0 = Debug|x86
		{FD9B7C9D-9833-4E1D-B9E0-A2884E3075FE}.Release|ARM64.ActiveCfg = Release|ARM64
		{FD9B7C9D-9833-4E1D-B9E0-A2884E3075FE}.Release|ARM64.Build.0 = Release|ARM64
		{FD9B7C9D-9833-4E1D-B9E0-A2884E3075FE}.Release|ARM64.Deploy.0 = Release|ARM64
		{FD9B7C9D-9833-4E1D-B9E0-A2884E3075FE}.Release|x64.ActiveCfg = Release|x64
		{FD9B7C9D-9833-4E1D-B9E0-A2884E3075FE}.Release|x64.Build.0 = Release|x64
		{FD9B7C9D-9833-4E1D-B9E0-A2884E3075FE}.Release|x64.Deploy.0 = Release|x64
		{FD9B7C9D-9833-4E1D-B9E0-A2884E3075FE}.Release|x86.ActiveCfg = Release|x86
		{FD9B7C9D-9833-4E1D-B9E0-A2884E3075FE}.Release|x86.Build.0 = Release|x86
		{FD9B7C9D-9833-4E1D-B9E0-A2884E3075FE}.Release|x86.Deploy.0 = Release|x86
		{79EE3320-93FC-431A-9AA0-FC8E4F45D31F}.Debug|ARM64.ActiveCfg = Debug|Any CPU
		{79EE3320-93FC-431A-9AA0-FC8E4F45D31F}.Debug|ARM64.Build.0 = Debug|Any CPU
		{79EE3320-93FC-431A-9AA0-FC8E4F45D31F}.Debug|x64.ActiveCfg = Debug|Any CPU
		{79EE3320-93FC-431A-9AA0-FC8E4F45D31F}.Debug|x64.Build.0 = Debug|Any CPU
		{79EE3320-93FC-431A-9AA0-FC8E4F45D31F}.Debug|x86.ActiveCfg = Debug|Any CPU
		{79EE3320-93FC-431A-9AA0-FC8E4F45D31F}.Debug|x86.Build.0 = Debug|Any CPU
		{79EE3320-93FC-431A-9AA0-FC8E4F45D31F}.Release|ARM64.ActiveCfg = Release|Any CPU
		{79EE3320-93FC-431A-9AA0-FC8E4F45D31F}.Release|ARM64.Build.0 = Release|Any CPU
		{79EE3320-93FC-431A-9AA0-FC8E4F45D31F}.Release|x64.ActiveCfg = Release|Any CPU
		{79EE3320-93FC-431A-9AA0-FC8E4F45D31F}.Release|x64.Build.0 = Release|Any CPU
		{79EE3320-93FC-431A-9AA0-FC8E4F45D31F}.Release|x86.ActiveCfg = Release|Any CPU
		{79EE3320-93FC-431A-9AA0-FC8E4F45D31F}.Release|x86.Build.0 = Release|Any CPU
	EndGlobalSection
	GlobalSection(SolutionProperties) = preSolution
		HideSolutionNode = FALSE
	EndGlobalSection
	GlobalSection(ExtensibilityGlobals) = postSolution
		SolutionGuid = {14D0CFC9-F520-4625-828F-BD0B895AD98D}
	EndGlobalSection
EndGlobal
